// !$*UTF8*$!
{
	archiveVersion = 1;
	classes = {
	};
	objectVersion = 48;
	objects = {

/* Begin PBXBuildFile section */
		110F6CF21FE28427004FA302 /* AppDelegate.swift in Sources */ = {isa = PBXBuildFile; fileRef = 110F6CF11FE28427004FA302 /* AppDelegate.swift */; };
		110F6CF41FE28427004FA302 /* ListSourceController.swift in Sources */ = {isa = PBXBuildFile; fileRef = 110F6CF31FE28427004FA302 /* ListSourceController.swift */; };
		110F6CF71FE28427004FA302 /* Main.storyboard in Resources */ = {isa = PBXBuildFile; fileRef = 110F6CF51FE28427004FA302 /* Main.storyboard */; };
		110F6CF91FE28427004FA302 /* Assets.xcassets in Resources */ = {isa = PBXBuildFile; fileRef = 110F6CF81FE28427004FA302 /* Assets.xcassets */; };
		110F6CFC1FE28427004FA302 /* LaunchScreen.storyboard in Resources */ = {isa = PBXBuildFile; fileRef = 110F6CFA1FE28427004FA302 /* LaunchScreen.storyboard */; };
		110F6D041FE284BA004FA302 /* GenerateViewController.swift in Sources */ = {isa = PBXBuildFile; fileRef = 110F6D031FE284BA004FA302 /* GenerateViewController.swift */; };
		110F6D151FE290B5004FA302 /* CryptoSwift.framework in Embed Frameworks */ = {isa = PBXBuildFile; fileRef = 110F6D071FE290B3004FA302 /* CryptoSwift.framework */; settings = {ATTRIBUTES = (CodeSignOnCopy, RemoveHeadersOnCopy, ); }; };
		110F6D171FE290B5004FA302 /* RxCocoa.framework in Embed Frameworks */ = {isa = PBXBuildFile; fileRef = 110F6D081FE290B4004FA302 /* RxCocoa.framework */; settings = {ATTRIBUTES = (CodeSignOnCopy, RemoveHeadersOnCopy, ); }; };
		110F6D191FE290B5004FA302 /* RxSwift.framework in Embed Frameworks */ = {isa = PBXBuildFile; fileRef = 110F6D091FE290B4004FA302 /* RxSwift.framework */; settings = {ATTRIBUTES = (CodeSignOnCopy, RemoveHeadersOnCopy, ); }; };
		110F6D1B1FE290B5004FA302 /* SwiftyJSON.framework in Embed Frameworks */ = {isa = PBXBuildFile; fileRef = 110F6D0A1FE290B4004FA302 /* SwiftyJSON.framework */; settings = {ATTRIBUTES = (CodeSignOnCopy, RemoveHeadersOnCopy, ); }; };
		110F6D1D1FE290B5004FA302 /* Alamofire.framework in Embed Frameworks */ = {isa = PBXBuildFile; fileRef = 110F6D0B1FE290B4004FA302 /* Alamofire.framework */; settings = {ATTRIBUTES = (CodeSignOnCopy, RemoveHeadersOnCopy, ); }; };
		110F6D1F1FE290B5004FA302 /* Kingfisher.framework in Embed Frameworks */ = {isa = PBXBuildFile; fileRef = 110F6D0C1FE290B4004FA302 /* Kingfisher.framework */; settings = {ATTRIBUTES = (CodeSignOnCopy, RemoveHeadersOnCopy, ); }; };
		110F6D211FE290B5004FA302 /* DateHelper.framework in Embed Frameworks */ = {isa = PBXBuildFile; fileRef = 110F6D0D1FE290B4004FA302 /* DateHelper.framework */; settings = {ATTRIBUTES = (CodeSignOnCopy, RemoveHeadersOnCopy, ); }; };
		110F6D231FE290B5004FA302 /* XCGLogger.framework in Embed Frameworks */ = {isa = PBXBuildFile; fileRef = 110F6D0E1FE290B4004FA302 /* XCGLogger.framework */; settings = {ATTRIBUTES = (CodeSignOnCopy, RemoveHeadersOnCopy, ); }; };
		110F6D251FE290B5004FA302 /* ObjcExceptionBridging.framework in Embed Frameworks */ = {isa = PBXBuildFile; fileRef = 110F6D0F1FE290B5004FA302 /* ObjcExceptionBridging.framework */; settings = {ATTRIBUTES = (CodeSignOnCopy, RemoveHeadersOnCopy, ); }; };
		110F6D271FE290B5004FA302 /* Unbox.framework in Embed Frameworks */ = {isa = PBXBuildFile; fileRef = 110F6D101FE290B5004FA302 /* Unbox.framework */; settings = {ATTRIBUTES = (CodeSignOnCopy, RemoveHeadersOnCopy, ); }; };
		110F6D291FE290B5004FA302 /* RxBlocking.framework in Embed Frameworks */ = {isa = PBXBuildFile; fileRef = 110F6D111FE290B5004FA302 /* RxBlocking.framework */; settings = {ATTRIBUTES = (CodeSignOnCopy, RemoveHeadersOnCopy, ); }; };
		11C37DF41FE3510C00DC263D /* Const.swift in Sources */ = {isa = PBXBuildFile; fileRef = 11C37DF31FE3510C00DC263D /* Const.swift */; };
		11C37DF61FE3515800DC263D /* Extensions.swift in Sources */ = {isa = PBXBuildFile; fileRef = 11C37DF51FE3515800DC263D /* Extensions.swift */; };
		11C37DF91FE351F100DC263D /* RxAlamofire.framework in Embed Frameworks */ = {isa = PBXBuildFile; fileRef = 11C37DF71FE351F000DC263D /* RxAlamofire.framework */; settings = {ATTRIBUTES = (CodeSignOnCopy, RemoveHeadersOnCopy, ); }; };
		11C37DFA1FE353F300DC263D /* Alamofire.framework in Frameworks */ = {isa = PBXBuildFile; fileRef = 110F6D0B1FE290B4004FA302 /* Alamofire.framework */; };
		11C37DFB1FE353F300DC263D /* CryptoSwift.framework in Frameworks */ = {isa = PBXBuildFile; fileRef = 110F6D071FE290B3004FA302 /* CryptoSwift.framework */; };
		11C37DFC1FE353F300DC263D /* DateHelper.framework in Frameworks */ = {isa = PBXBuildFile; fileRef = 110F6D0D1FE290B4004FA302 /* DateHelper.framework */; };
		11C37DFD1FE353F300DC263D /* Kingfisher.framework in Frameworks */ = {isa = PBXBuildFile; fileRef = 110F6D0C1FE290B4004FA302 /* Kingfisher.framework */; };
		11C37DFE1FE353F300DC263D /* RxAlamofire.framework in Frameworks */ = {isa = PBXBuildFile; fileRef = 11C37DF71FE351F000DC263D /* RxAlamofire.framework */; };
		11C37DFF1FE353F300DC263D /* RxBlocking.framework in Frameworks */ = {isa = PBXBuildFile; fileRef = 110F6D111FE290B5004FA302 /* RxBlocking.framework */; };
		11C37E001FE353F300DC263D /* RxCocoa.framework in Frameworks */ = {isa = PBXBuildFile; fileRef = 110F6D081FE290B4004FA302 /* RxCocoa.framework */; };
		11C37E011FE353F300DC263D /* RxSwift.framework in Frameworks */ = {isa = PBXBuildFile; fileRef = 110F6D091FE290B4004FA302 /* RxSwift.framework */; };
		11C37E031FE353F300DC263D /* SwiftyJSON.framework in Frameworks */ = {isa = PBXBuildFile; fileRef = 110F6D0A1FE290B4004FA302 /* SwiftyJSON.framework */; };
		11C37E041FE353F300DC263D /* Unbox.framework in Frameworks */ = {isa = PBXBuildFile; fileRef = 110F6D101FE290B5004FA302 /* Unbox.framework */; };
		11C37E051FE353F300DC263D /* XCGLogger.framework in Frameworks */ = {isa = PBXBuildFile; fileRef = 110F6D0E1FE290B4004FA302 /* XCGLogger.framework */; };
		11C37E091FE3579100DC263D /* Video.swift in Sources */ = {isa = PBXBuildFile; fileRef = 11C37E081FE3579100DC263D /* Video.swift */; };
		11C37E0B1FE3605100DC263D /* AppError.swift in Sources */ = {isa = PBXBuildFile; fileRef = 11C37E0A1FE3605100DC263D /* AppError.swift */; };
		11C37E0D1FE3649B00DC263D /* RxScheduler.swift in Sources */ = {isa = PBXBuildFile; fileRef = 11C37E0C1FE3649B00DC263D /* RxScheduler.swift */; };
		11E2576F1FE3817500601A1F /* Emoji.swift in Sources */ = {isa = PBXBuildFile; fileRef = 11E2576E1FE3817500601A1F /* Emoji.swift */; };
		11E257731FE3A64F00601A1F /* Comment.swift in Sources */ = {isa = PBXBuildFile; fileRef = 11E257721FE3A64F00601A1F /* Comment.swift */; };
		11E257751FE3A71500601A1F /* VideoComment.swift in Sources */ = {isa = PBXBuildFile; fileRef = 11E257741FE3A71500601A1F /* VideoComment.swift */; };
		11E257781FE3AB9700601A1F /* CommentItemView.swift in Sources */ = {isa = PBXBuildFile; fileRef = 11E257771FE3AB9700601A1F /* CommentItemView.swift */; };
		11E2577B1FE3C91300601A1F /* PreviewSourceCell.swift in Sources */ = {isa = PBXBuildFile; fileRef = 11E2577A1FE3C91300601A1F /* PreviewSourceCell.swift */; };
		11E2577D1FE4202C00601A1F /* VideoMerge.swift in Sources */ = {isa = PBXBuildFile; fileRef = 11E2577C1FE4202C00601A1F /* VideoMerge.swift */; };
		11E2577F1FE424A100601A1F /* WatermarkView.swift in Sources */ = {isa = PBXBuildFile; fileRef = 11E2577E1FE424A100601A1F /* WatermarkView.swift */; };
		11E257811FE4258B00601A1F /* test_video.mp4 in Resources */ = {isa = PBXBuildFile; fileRef = 11E257801FE4258B00601A1F /* test_video.mp4 */; };
		11E257831FE4D0DB00601A1F /* VideoPlayerView.swift in Sources */ = {isa = PBXBuildFile; fileRef = 11E257821FE4D0DB00601A1F /* VideoPlayerView.swift */; };
		11E257851FE4D1A100601A1F /* VideoPlayerLayerView.swift in Sources */ = {isa = PBXBuildFile; fileRef = 11E257841FE4D1A100601A1F /* VideoPlayerLayerView.swift */; };
		11E257871FE4D27800601A1F /* RxSwift+Extensions.swift in Sources */ = {isa = PBXBuildFile; fileRef = 11E257861FE4D27800601A1F /* RxSwift+Extensions.swift */; };
/* End PBXBuildFile section */

/* Begin PBXCopyFilesBuildPhase section */
		110F6D2A1FE290B5004FA302 /* Embed Frameworks */ = {
			isa = PBXCopyFilesBuildPhase;
			buildActionMask = 2147483647;
			dstPath = "";
			dstSubfolderSpec = 10;
			files = (
				110F6D191FE290B5004FA302 /* RxSwift.framework in Embed Frameworks */,
				11C37DF91FE351F100DC263D /* RxAlamofire.framework in Embed Frameworks */,
				110F6D1F1FE290B5004FA302 /* Kingfisher.framework in Embed Frameworks */,
				110F6D1D1FE290B5004FA302 /* Alamofire.framework in Embed Frameworks */,
				110F6D171FE290B5004FA302 /* RxCocoa.framework in Embed Frameworks */,
				110F6D151FE290B5004FA302 /* CryptoSwift.framework in Embed Frameworks */,
				110F6D211FE290B5004FA302 /* DateHelper.framework in Embed Frameworks */,
				110F6D1B1FE290B5004FA302 /* SwiftyJSON.framework in Embed Frameworks */,
				110F6D251FE290B5004FA302 /* ObjcExceptionBridging.framework in Embed Frameworks */,
				110F6D231FE290B5004FA302 /* XCGLogger.framework in Embed Frameworks */,
				110F6D271FE290B5004FA302 /* Unbox.framework in Embed Frameworks */,
				110F6D291FE290B5004FA302 /* RxBlocking.framework in Embed Frameworks */,
			);
			name = "Embed Frameworks";
			runOnlyForDeploymentPostprocessing = 0;
		};
/* End PBXCopyFilesBuildPhase section */

/* Begin PBXFileReference section */
		110F6CEE1FE28427004FA302 /* GifTool.app */ = {isa = PBXFileReference; explicitFileType = wrapper.application; includeInIndex = 0; path = GifTool.app; sourceTree = BUILT_PRODUCTS_DIR; };
		110F6CF11FE28427004FA302 /* AppDelegate.swift */ = {isa = PBXFileReference; lastKnownFileType = sourcecode.swift; path = AppDelegate.swift; sourceTree = "<group>"; };
		110F6CF31FE28427004FA302 /* ListSourceController.swift */ = {isa = PBXFileReference; lastKnownFileType = sourcecode.swift; path = ListSourceController.swift; sourceTree = "<group>"; };
		110F6CF61FE28427004FA302 /* Base */ = {isa = PBXFileReference; lastKnownFileType = file.storyboard; name = Base; path = Base.lproj/Main.storyboard; sourceTree = "<group>"; };
		110F6CF81FE28427004FA302 /* Assets.xcassets */ = {isa = PBXFileReference; lastKnownFileType = folder.assetcatalog; path = Assets.xcassets; sourceTree = "<group>"; };
		110F6CFB1FE28427004FA302 /* Base */ = {isa = PBXFileReference; lastKnownFileType = file.storyboard; name = Base; path = Base.lproj/LaunchScreen.storyboard; sourceTree = "<group>"; };
		110F6CFD1FE28427004FA302 /* Info.plist */ = {isa = PBXFileReference; lastKnownFileType = text.plist.xml; path = Info.plist; sourceTree = "<group>"; };
		110F6D031FE284BA004FA302 /* GenerateViewController.swift */ = {isa = PBXFileReference; lastKnownFileType = sourcecode.swift; path = GenerateViewController.swift; sourceTree = "<group>"; };
		110F6D061FE290B3004FA302 /* RxTest.framework */ = {isa = PBXFileReference; lastKnownFileType = wrapper.framework; name = RxTest.framework; path = Carthage/Build/iOS/RxTest.framework; sourceTree = "<group>"; };
		110F6D071FE290B3004FA302 /* CryptoSwift.framework */ = {isa = PBXFileReference; lastKnownFileType = wrapper.framework; name = CryptoSwift.framework; path = Carthage/Build/iOS/CryptoSwift.framework; sourceTree = "<group>"; };
		110F6D081FE290B4004FA302 /* RxCocoa.framework */ = {isa = PBXFileReference; lastKnownFileType = wrapper.framework; name = RxCocoa.framework; path = Carthage/Build/iOS/RxCocoa.framework; sourceTree = "<group>"; };
		110F6D091FE290B4004FA302 /* RxSwift.framework */ = {isa = PBXFileReference; lastKnownFileType = wrapper.framework; name = RxSwift.framework; path = Carthage/Build/iOS/RxSwift.framework; sourceTree = "<group>"; };
		110F6D0A1FE290B4004FA302 /* SwiftyJSON.framework */ = {isa = PBXFileReference; lastKnownFileType = wrapper.framework; name = SwiftyJSON.framework; path = Carthage/Build/iOS/SwiftyJSON.framework; sourceTree = "<group>"; };
		110F6D0B1FE290B4004FA302 /* Alamofire.framework */ = {isa = PBXFileReference; lastKnownFileType = wrapper.framework; name = Alamofire.framework; path = Carthage/Build/iOS/Alamofire.framework; sourceTree = "<group>"; };
		110F6D0C1FE290B4004FA302 /* Kingfisher.framework */ = {isa = PBXFileReference; lastKnownFileType = wrapper.framework; name = Kingfisher.framework; path = Carthage/Build/iOS/Kingfisher.framework; sourceTree = "<group>"; };
		110F6D0D1FE290B4004FA302 /* DateHelper.framework */ = {isa = PBXFileReference; lastKnownFileType = wrapper.framework; name = DateHelper.framework; path = Carthage/Build/iOS/DateHelper.framework; sourceTree = "<group>"; };
		110F6D0E1FE290B4004FA302 /* XCGLogger.framework */ = {isa = PBXFileReference; lastKnownFileType = wrapper.framework; name = XCGLogger.framework; path = Carthage/Build/iOS/XCGLogger.framework; sourceTree = "<group>"; };
		110F6D0F1FE290B5004FA302 /* ObjcExceptionBridging.framework */ = {isa = PBXFileReference; lastKnownFileType = wrapper.framework; name = ObjcExceptionBridging.framework; path = Carthage/Build/iOS/ObjcExceptionBridging.framework; sourceTree = "<group>"; };
		110F6D101FE290B5004FA302 /* Unbox.framework */ = {isa = PBXFileReference; lastKnownFileType = wrapper.framework; name = Unbox.framework; path = Carthage/Build/iOS/Unbox.framework; sourceTree = "<group>"; };
		110F6D111FE290B5004FA302 /* RxBlocking.framework */ = {isa = PBXFileReference; lastKnownFileType = wrapper.framework; name = RxBlocking.framework; path = Carthage/Build/iOS/RxBlocking.framework; sourceTree = "<group>"; };
		11C37DF31FE3510C00DC263D /* Const.swift */ = {isa = PBXFileReference; lastKnownFileType = sourcecode.swift; path = Const.swift; sourceTree = "<group>"; };
		11C37DF51FE3515800DC263D /* Extensions.swift */ = {isa = PBXFileReference; lastKnownFileType = sourcecode.swift; path = Extensions.swift; sourceTree = "<group>"; };
		11C37DF71FE351F000DC263D /* RxAlamofire.framework */ = {isa = PBXFileReference; lastKnownFileType = wrapper.framework; name = RxAlamofire.framework; path = Carthage/Build/iOS/RxAlamofire.framework; sourceTree = "<group>"; };
		11C37E081FE3579100DC263D /* Video.swift */ = {isa = PBXFileReference; lastKnownFileType = sourcecode.swift; path = Video.swift; sourceTree = "<group>"; };
		11C37E0A1FE3605100DC263D /* AppError.swift */ = {isa = PBXFileReference; lastKnownFileType = sourcecode.swift; path = AppError.swift; sourceTree = "<group>"; };
		11C37E0C1FE3649B00DC263D /* RxScheduler.swift */ = {isa = PBXFileReference; lastKnownFileType = sourcecode.swift; path = RxScheduler.swift; sourceTree = "<group>"; };
		11E2576E1FE3817500601A1F /* Emoji.swift */ = {isa = PBXFileReference; lastKnownFileType = sourcecode.swift; path = Emoji.swift; sourceTree = "<group>"; };
		11E257721FE3A64F00601A1F /* Comment.swift */ = {isa = PBXFileReference; lastKnownFileType = sourcecode.swift; path = Comment.swift; sourceTree = "<group>"; };
		11E257741FE3A71500601A1F /* VideoComment.swift */ = {isa = PBXFileReference; lastKnownFileType = sourcecode.swift; path = VideoComment.swift; sourceTree = "<group>"; };
		11E257771FE3AB9700601A1F /* CommentItemView.swift */ = {isa = PBXFileReference; lastKnownFileType = sourcecode.swift; path = CommentItemView.swift; sourceTree = "<group>"; };
		11E2577A1FE3C91300601A1F /* PreviewSourceCell.swift */ = {isa = PBXFileReference; lastKnownFileType = sourcecode.swift; path = PreviewSourceCell.swift; sourceTree = "<group>"; };
		11E2577C1FE4202C00601A1F /* VideoMerge.swift */ = {isa = PBXFileReference; lastKnownFileType = sourcecode.swift; path = VideoMerge.swift; sourceTree = "<group>"; };
		11E2577E1FE424A100601A1F /* WatermarkView.swift */ = {isa = PBXFileReference; lastKnownFileType = sourcecode.swift; path = WatermarkView.swift; sourceTree = "<group>"; };
		11E257801FE4258B00601A1F /* test_video.mp4 */ = {isa = PBXFileReference; lastKnownFileType = file; path = test_video.mp4; sourceTree = "<group>"; };
		11E257821FE4D0DB00601A1F /* VideoPlayerView.swift */ = {isa = PBXFileReference; lastKnownFileType = sourcecode.swift; path = VideoPlayerView.swift; sourceTree = "<group>"; };
		11E257841FE4D1A100601A1F /* VideoPlayerLayerView.swift */ = {isa = PBXFileReference; lastKnownFileType = sourcecode.swift; path = VideoPlayerLayerView.swift; sourceTree = "<group>"; };
		11E257861FE4D27800601A1F /* RxSwift+Extensions.swift */ = {isa = PBXFileReference; lastKnownFileType = sourcecode.swift; path = "RxSwift+Extensions.swift"; sourceTree = "<group>"; };
/* End PBXFileReference section */

/* Begin PBXFrameworksBuildPhase section */
		110F6CEB1FE28427004FA302 /* Frameworks */ = {
			isa = PBXFrameworksBuildPhase;
			buildActionMask = 2147483647;
			files = (
				11C37DFA1FE353F300DC263D /* Alamofire.framework in Frameworks */,
				11C37DFB1FE353F300DC263D /* CryptoSwift.framework in Frameworks */,
				11C37DFC1FE353F300DC263D /* DateHelper.framework in Frameworks */,
				11C37DFD1FE353F300DC263D /* Kingfisher.framework in Frameworks */,
				11C37DFE1FE353F300DC263D /* RxAlamofire.framework in Frameworks */,
				11C37DFF1FE353F300DC263D /* RxBlocking.framework in Frameworks */,
				11C37E001FE353F300DC263D /* RxCocoa.framework in Frameworks */,
				11C37E011FE353F300DC263D /* RxSwift.framework in Frameworks */,
				11C37E031FE353F300DC263D /* SwiftyJSON.framework in Frameworks */,
				11C37E041FE353F300DC263D /* Unbox.framework in Frameworks */,
				11C37E051FE353F300DC263D /* XCGLogger.framework in Frameworks */,
			);
			runOnlyForDeploymentPostprocessing = 0;
		};
/* End PBXFrameworksBuildPhase section */

/* Begin PBXGroup section */
		110F6CE51FE28427004FA302 = {
			isa = PBXGroup;
			children = (
				110F6CF01FE28427004FA302 /* GifTool */,
				110F6CEF1FE28427004FA302 /* Products */,
				110F6D2B1FE290CB004FA302 /* Frameworks */,
			);
			sourceTree = "<group>";
		};
		110F6CEF1FE28427004FA302 /* Products */ = {
			isa = PBXGroup;
			children = (
				110F6CEE1FE28427004FA302 /* GifTool.app */,
			);
			name = Products;
			sourceTree = "<group>";
		};
		110F6CF01FE28427004FA302 /* GifTool */ = {
			isa = PBXGroup;
			children = (
				110F6CF11FE28427004FA302 /* AppDelegate.swift */,
				11C37E0C1FE3649B00DC263D /* RxScheduler.swift */,
				11E2577C1FE4202C00601A1F /* VideoMerge.swift */,
				11C37E071FE3573500DC263D /* Entities */,
				11C37E061FE3571900DC263D /* Controllers */,
				11E257761FE3AB8700601A1F /* Views */,
				11C37DF21FE350FE00DC263D /* Ultilities */,
				110F6CF51FE28427004FA302 /* Main.storyboard */,
				110F6CF81FE28427004FA302 /* Assets.xcassets */,
				110F6CFA1FE28427004FA302 /* LaunchScreen.storyboard */,
				110F6CFD1FE28427004FA302 /* Info.plist */,
				11E257801FE4258B00601A1F /* test_video.mp4 */,
			);
			path = GifTool;
			sourceTree = "<group>";
		};
		110F6D2B1FE290CB004FA302 /* Frameworks */ = {
			isa = PBXGroup;
			children = (
				11C37DF71FE351F000DC263D /* RxAlamofire.framework */,
				110F6D0B1FE290B4004FA302 /* Alamofire.framework */,
				110F6D071FE290B3004FA302 /* CryptoSwift.framework */,
				110F6D0D1FE290B4004FA302 /* DateHelper.framework */,
				110F6D0C1FE290B4004FA302 /* Kingfisher.framework */,
				110F6D0F1FE290B5004FA302 /* ObjcExceptionBridging.framework */,
				110F6D111FE290B5004FA302 /* RxBlocking.framework */,
				110F6D081FE290B4004FA302 /* RxCocoa.framework */,
				110F6D091FE290B4004FA302 /* RxSwift.framework */,
				110F6D061FE290B3004FA302 /* RxTest.framework */,
				110F6D0A1FE290B4004FA302 /* SwiftyJSON.framework */,
				110F6D101FE290B5004FA302 /* Unbox.framework */,
				110F6D0E1FE290B4004FA302 /* XCGLogger.framework */,
			);
			name = Frameworks;
			sourceTree = "<group>";
		};
		11C37DF21FE350FE00DC263D /* Ultilities */ = {
			isa = PBXGroup;
			children = (
				11C37DF31FE3510C00DC263D /* Const.swift */,
				11C37DF51FE3515800DC263D /* Extensions.swift */,
				11E257861FE4D27800601A1F /* RxSwift+Extensions.swift */,
			);
			name = Ultilities;
			sourceTree = "<group>";
		};
		11C37E061FE3571900DC263D /* Controllers */ = {
			isa = PBXGroup;
			children = (
				110F6CF31FE28427004FA302 /* ListSourceController.swift */,
				110F6D031FE284BA004FA302 /* GenerateViewController.swift */,
			);
			name = Controllers;
			sourceTree = "<group>";
		};
		11C37E071FE3573500DC263D /* Entities */ = {
			isa = PBXGroup;
			children = (
				11C37E081FE3579100DC263D /* Video.swift */,
				11E257741FE3A71500601A1F /* VideoComment.swift */,
				11E257721FE3A64F00601A1F /* Comment.swift */,
				11E2576E1FE3817500601A1F /* Emoji.swift */,
				11C37E0A1FE3605100DC263D /* AppError.swift */,
			);
			name = Entities;
			sourceTree = "<group>";
		};
		11E257761FE3AB8700601A1F /* Views */ = {
			isa = PBXGroup;
			children = (
				11E257771FE3AB9700601A1F /* CommentItemView.swift */,
				11E257821FE4D0DB00601A1F /* VideoPlayerView.swift */,
				11E257841FE4D1A100601A1F /* VideoPlayerLayerView.swift */,
				11E2577A1FE3C91300601A1F /* PreviewSourceCell.swift */,
				11E2577E1FE424A100601A1F /* WatermarkView.swift */,
			);
			name = Views;
			sourceTree = "<group>";
		};
/* End PBXGroup section */

/* Begin PBXNativeTarget section */
		110F6CED1FE28427004FA302 /* GifTool */ = {
			isa = PBXNativeTarget;
			buildConfigurationList = 110F6D001FE28427004FA302 /* Build configuration list for PBXNativeTarget "GifTool" */;
			buildPhases = (
				110F6CEA1FE28427004FA302 /* Sources */,
				110F6CEB1FE28427004FA302 /* Frameworks */,
				110F6CEC1FE28427004FA302 /* Resources */,
				110F6D051FE28641004FA302 /* ShellScript */,
				110F6D2A1FE290B5004FA302 /* Embed Frameworks */,
				11E257791FE3C8AE00601A1F /* ShellScript */,
			);
			buildRules = (
			);
			dependencies = (
			);
			name = GifTool;
			productName = GifTool;
			productReference = 110F6CEE1FE28427004FA302 /* GifTool.app */;
			productType = "com.apple.product-type.application";
		};
/* End PBXNativeTarget section */

/* Begin PBXProject section */
		110F6CE61FE28427004FA302 /* Project object */ = {
			isa = PBXProject;
			attributes = {
				LastSwiftUpdateCheck = 0920;
				LastUpgradeCheck = 0920;
				ORGANIZATIONNAME = Nah;
				TargetAttributes = {
					110F6CED1FE28427004FA302 = {
						CreatedOnToolsVersion = 9.2;
						ProvisioningStyle = Automatic;
					};
				};
			};
			buildConfigurationList = 110F6CE91FE28427004FA302 /* Build configuration list for PBXProject "GifTool" */;
			compatibilityVersion = "Xcode 8.0";
			developmentRegion = en;
			hasScannedForEncodings = 0;
			knownRegions = (
				en,
				Base,
			);
			mainGroup = 110F6CE51FE28427004FA302;
			productRefGroup = 110F6CEF1FE28427004FA302 /* Products */;
			projectDirPath = "";
			projectRoot = "";
			targets = (
				110F6CED1FE28427004FA302 /* GifTool */,
			);
		};
/* End PBXProject section */

/* Begin PBXResourcesBuildPhase section */
		110F6CEC1FE28427004FA302 /* Resources */ = {
			isa = PBXResourcesBuildPhase;
			buildActionMask = 2147483647;
			files = (
				110F6CFC1FE28427004FA302 /* LaunchScreen.storyboard in Resources */,
				110F6CF91FE28427004FA302 /* Assets.xcassets in Resources */,
				110F6CF71FE28427004FA302 /* Main.storyboard in Resources */,
				11E257811FE4258B00601A1F /* test_video.mp4 in Resources */,
			);
			runOnlyForDeploymentPostprocessing = 0;
		};
/* End PBXResourcesBuildPhase section */

/* Begin PBXShellScriptBuildPhase section */
		110F6D051FE28641004FA302 /* ShellScript */ = {
			isa = PBXShellScriptBuildPhase;
			buildActionMask = 2147483647;
			files = (
			);
			inputPaths = (
				"$(SRCROOT)/Carthage/Build/iOS/Alamofire.framework",
				"$(SRCROOT)/Carthage/Build/iOS/CryptoSwift.framework",
				"$(SRCROOT)/Carthage/Build/iOS/DateHelper.framework",
				"$(SRCROOT)/Carthage/Build/iOS/Kingfisher.framework",
				"$(SRCROOT)/Carthage/Build/iOS/ObjcExceptionBridging.framework",
				"$(SRCROOT)/Carthage/Build/iOS/RxBlocking.framework",
				"$(SRCROOT)/Carthage/Build/iOS/RxCocoa.framework",
				"$(SRCROOT)/Carthage/Build/iOS/RxSwift.framework",
				"$(SRCROOT)/Carthage/Build/iOS/SwiftyJSON.framework",
				"$(SRCROOT)/Carthage/Build/iOS/Unbox.framework",
				"$(SRCROOT)/Carthage/Build/iOS/XCGLogger.framework",
				"$(SRCROOT)/Carthage/Build/iOS/RxAlamofire.framework",
			);
			outputPaths = (
				"$(BUILT_PRODUCTS_DIR)/$(FRAMEWORKS_FOLDER_PATH)/Alamofire.framework",
				"$(BUILT_PRODUCTS_DIR)/$(FRAMEWORKS_FOLDER_PATH)/CryptoSwift.framework",
				"$(BUILT_PRODUCTS_DIR)/$(FRAMEWORKS_FOLDER_PATH)/DateHelper.framework",
				"$(BUILT_PRODUCTS_DIR)/$(FRAMEWORKS_FOLDER_PATH)/Kingfisher.framework",
				"$(BUILT_PRODUCTS_DIR)/$(FRAMEWORKS_FOLDER_PATH)/ObjcExceptionBridging.framework",
				"$(BUILT_PRODUCTS_DIR)/$(FRAMEWORKS_FOLDER_PATH)/RxBlocking.framework",
				"$(BUILT_PRODUCTS_DIR)/$(FRAMEWORKS_FOLDER_PATH)/RxCocoa.framework",
				"$(BUILT_PRODUCTS_DIR)/$(FRAMEWORKS_FOLDER_PATH)/RxSwift.framework",
				"$(BUILT_PRODUCTS_DIR)/$(FRAMEWORKS_FOLDER_PATH)/SwiftyJSON.framework",
				"$(BUILT_PRODUCTS_DIR)/$(FRAMEWORKS_FOLDER_PATH)/Unbox.framework",
				"$(BUILT_PRODUCTS_DIR)/$(FRAMEWORKS_FOLDER_PATH)/XCGLogger.framework",
				"$(BUILT_PRODUCTS_DIR)/$(FRAMEWORKS_FOLDER_PATH)/RxAlamofire.framework",
			);
			runOnlyForDeploymentPostprocessing = 0;
			shellPath = /bin/sh;
			shellScript = "/usr/local/bin/carthage copy-frameworks";
		};
		11E257791FE3C8AE00601A1F /* ShellScript */ = {
			isa = PBXShellScriptBuildPhase;
			buildActionMask = 2147483647;
			files = (
			);
			inputPaths = (
			);
			outputPaths = (
			);
			runOnlyForDeploymentPostprocessing = 0;
			shellPath = /bin/sh;
			shellScript = "ERRORTAG=\"ERROR\"\nfind \"${SRCROOT}/$PROJECT_NAME\" \\( -name \"*.h\" -or -name \"*.m\" -or -name \"*.swift\" \\) -print0 | xargs -0 egrep --with-filename --line-number --only-matching \"($ERRORTAG).*\\$\" | perl -p -e \"s/($ERRORTAG)/ error: \\$1/\"\n\nif [ \"${CONFIGURATION}\" = \"Debug\" ]; then\nTAGS=\"TODO|FIXME\"\nfind \"${SRCROOT}/$PROJECT_NAME\" \\( -name \"*.h\" -or -name \"*.m\" -or -name \"*.swift\" \\) -print0 | xargs -0 egrep --with-filename --line-number --only-matching \"($TAGS).*\\$\" | perl -p -e \"s/($TAGS)/ warning: \\$1/\"\nfi";
		};
/* End PBXShellScriptBuildPhase section */

/* Begin PBXSourcesBuildPhase section */
		110F6CEA1FE28427004FA302 /* Sources */ = {
			isa = PBXSourcesBuildPhase;
			buildActionMask = 2147483647;
			files = (
				11C37DF61FE3515800DC263D /* Extensions.swift in Sources */,
				11E257851FE4D1A100601A1F /* VideoPlayerLayerView.swift in Sources */,
				11C37E091FE3579100DC263D /* Video.swift in Sources */,
				11C37E0D1FE3649B00DC263D /* RxScheduler.swift in Sources */,
				11E2576F1FE3817500601A1F /* Emoji.swift in Sources */,
				11E257751FE3A71500601A1F /* VideoComment.swift in Sources */,
				110F6CF41FE28427004FA302 /* ListSourceController.swift in Sources */,
				11E257731FE3A64F00601A1F /* Comment.swift in Sources */,
				11C37DF41FE3510C00DC263D /* Const.swift in Sources */,
				110F6D041FE284BA004FA302 /* GenerateViewController.swift in Sources */,
				110F6CF21FE28427004FA302 /* AppDelegate.swift in Sources */,
				11E2577D1FE4202C00601A1F /* VideoMerge.swift in Sources */,
				11E257781FE3AB9700601A1F /* CommentItemView.swift in Sources */,
				11E257871FE4D27800601A1F /* RxSwift+Extensions.swift in Sources */,
				11C37E0B1FE3605100DC263D /* AppError.swift in Sources */,
				11E2577F1FE424A100601A1F /* WatermarkView.swift in Sources */,
				11E2577B1FE3C91300601A1F /* PreviewSourceCell.swift in Sources */,
				11E257831FE4D0DB00601A1F /* VideoPlayerView.swift in Sources */,
			);
			runOnlyForDeploymentPostprocessing = 0;
		};
/* End PBXSourcesBuildPhase section */

/* Begin PBXVariantGroup section */
		110F6CF51FE28427004FA302 /* Main.storyboard */ = {
			isa = PBXVariantGroup;
			children = (
				110F6CF61FE28427004FA302 /* Base */,
			);
			name = Main.storyboard;
			sourceTree = "<group>";
		};
		110F6CFA1FE28427004FA302 /* LaunchScreen.storyboard */ = {
			isa = PBXVariantGroup;
			children = (
				110F6CFB1FE28427004FA302 /* Base */,
			);
			name = LaunchScreen.storyboard;
			sourceTree = "<group>";
		};
/* End PBXVariantGroup section */

/* Begin XCBuildConfiguration section */
		110F6CFE1FE28427004FA302 /* Debug */ = {
			isa = XCBuildConfiguration;
			buildSettings = {
				ALWAYS_SEARCH_USER_PATHS = NO;
				CLANG_ANALYZER_NONNULL = YES;
				CLANG_ANALYZER_NUMBER_OBJECT_CONVERSION = YES_AGGRESSIVE;
				CLANG_CXX_LANGUAGE_STANDARD = "gnu++14";
				CLANG_CXX_LIBRARY = "libc++";
				CLANG_ENABLE_MODULES = YES;
				CLANG_ENABLE_OBJC_ARC = YES;
				CLANG_WARN_BLOCK_CAPTURE_AUTORELEASING = YES;
				CLANG_WARN_BOOL_CONVERSION = YES;
				CLANG_WARN_COMMA = YES;
				CLANG_WARN_CONSTANT_CONVERSION = YES;
				CLANG_WARN_DIRECT_OBJC_ISA_USAGE = YES_ERROR;
				CLANG_WARN_DOCUMENTATION_COMMENTS = YES;
				CLANG_WARN_EMPTY_BODY = YES;
				CLANG_WARN_ENUM_CONVERSION = YES;
				CLANG_WARN_INFINITE_RECURSION = YES;
				CLANG_WARN_INT_CONVERSION = YES;
				CLANG_WARN_NON_LITERAL_NULL_CONVERSION = YES;
				CLANG_WARN_OBJC_LITERAL_CONVERSION = YES;
				CLANG_WARN_OBJC_ROOT_CLASS = YES_ERROR;
				CLANG_WARN_RANGE_LOOP_ANALYSIS = YES;
				CLANG_WARN_STRICT_PROTOTYPES = YES;
				CLANG_WARN_SUSPICIOUS_MOVE = YES;
				CLANG_WARN_UNGUARDED_AVAILABILITY = YES_AGGRESSIVE;
				CLANG_WARN_UNREACHABLE_CODE = YES;
				CLANG_WARN__DUPLICATE_METHOD_MATCH = YES;
				CODE_SIGN_IDENTITY = "iPhone Developer";
				COPY_PHASE_STRIP = NO;
				DEBUG_INFORMATION_FORMAT = dwarf;
				ENABLE_STRICT_OBJC_MSGSEND = YES;
				ENABLE_TESTABILITY = YES;
				GCC_C_LANGUAGE_STANDARD = gnu11;
				GCC_DYNAMIC_NO_PIC = NO;
				GCC_NO_COMMON_BLOCKS = YES;
				GCC_OPTIMIZATION_LEVEL = 0;
				GCC_PREPROCESSOR_DEFINITIONS = (
					"DEBUG=1",
					"$(inherited)",
				);
				GCC_WARN_64_TO_32_BIT_CONVERSION = YES;
				GCC_WARN_ABOUT_RETURN_TYPE = YES_ERROR;
				GCC_WARN_UNDECLARED_SELECTOR = YES;
				GCC_WARN_UNINITIALIZED_AUTOS = YES_AGGRESSIVE;
				GCC_WARN_UNUSED_FUNCTION = YES;
				GCC_WARN_UNUSED_VARIABLE = YES;
				IPHONEOS_DEPLOYMENT_TARGET = 10.0;
				MTL_ENABLE_DEBUG_INFO = YES;
				ONLY_ACTIVE_ARCH = YES;
				SDKROOT = iphoneos;
				SWIFT_ACTIVE_COMPILATION_CONDITIONS = DEBUG;
				SWIFT_OPTIMIZATION_LEVEL = "-Onone";
			};
			name = Debug;
		};
		110F6CFF1FE28427004FA302 /* Release */ = {
			isa = XCBuildConfiguration;
			buildSettings = {
				ALWAYS_SEARCH_USER_PATHS = NO;
				CLANG_ANALYZER_NONNULL = YES;
				CLANG_ANALYZER_NUMBER_OBJECT_CONVERSION = YES_AGGRESSIVE;
				CLANG_CXX_LANGUAGE_STANDARD = "gnu++14";
				CLANG_CXX_LIBRARY = "libc++";
				CLANG_ENABLE_MODULES = YES;
				CLANG_ENABLE_OBJC_ARC = YES;
				CLANG_WARN_BLOCK_CAPTURE_AUTORELEASING = YES;
				CLANG_WARN_BOOL_CONVERSION = YES;
				CLANG_WARN_COMMA = YES;
				CLANG_WARN_CONSTANT_CONVERSION = YES;
				CLANG_WARN_DIRECT_OBJC_ISA_USAGE = YES_ERROR;
				CLANG_WARN_DOCUMENTATION_COMMENTS = YES;
				CLANG_WARN_EMPTY_BODY = YES;
				CLANG_WARN_ENUM_CONVERSION = YES;
				CLANG_WARN_INFINITE_RECURSION = YES;
				CLANG_WARN_INT_CONVERSION = YES;
				CLANG_WARN_NON_LITERAL_NULL_CONVERSION = YES;
				CLANG_WARN_OBJC_LITERAL_CONVERSION = YES;
				CLANG_WARN_OBJC_ROOT_CLASS = YES_ERROR;
				CLANG_WARN_RANGE_LOOP_ANALYSIS = YES;
				CLANG_WARN_STRICT_PROTOTYPES = YES;
				CLANG_WARN_SUSPICIOUS_MOVE = YES;
				CLANG_WARN_UNGUARDED_AVAILABILITY = YES_AGGRESSIVE;
				CLANG_WARN_UNREACHABLE_CODE = YES;
				CLANG_WARN__DUPLICATE_METHOD_MATCH = YES;
				CODE_SIGN_IDENTITY = "iPhone Developer";
				COPY_PHASE_STRIP = NO;
				DEBUG_INFORMATION_FORMAT = "dwarf-with-dsym";
				ENABLE_NS_ASSERTIONS = NO;
				ENABLE_STRICT_OBJC_MSGSEND = YES;
				GCC_C_LANGUAGE_STANDARD = gnu11;
				GCC_NO_COMMON_BLOCKS = YES;
				GCC_WARN_64_TO_32_BIT_CONVERSION = YES;
				GCC_WARN_ABOUT_RETURN_TYPE = YES_ERROR;
				GCC_WARN_UNDECLARED_SELECTOR = YES;
				GCC_WARN_UNINITIALIZED_AUTOS = YES_AGGRESSIVE;
				GCC_WARN_UNUSED_FUNCTION = YES;
				GCC_WARN_UNUSED_VARIABLE = YES;
				IPHONEOS_DEPLOYMENT_TARGET = 10.0;
				MTL_ENABLE_DEBUG_INFO = NO;
				SDKROOT = iphoneos;
				SWIFT_OPTIMIZATION_LEVEL = "-Owholemodule";
				VALIDATE_PRODUCT = YES;
			};
			name = Release;
		};
		110F6D011FE28427004FA302 /* Debug */ = {
			isa = XCBuildConfiguration;
			buildSettings = {
				ASSETCATALOG_COMPILER_APPICON_NAME = AppIcon;
				CODE_SIGN_STYLE = Automatic;
				DEVELOPMENT_TEAM = Z2HAJP9Q8N;
				FRAMEWORK_SEARCH_PATHS = (
					"$(inherited)",
					"$(PROJECT_DIR)/Carthage/Build/iOS",
				);
				INFOPLIST_FILE = GifTool/Info.plist;
				LD_RUNPATH_SEARCH_PATHS = "$(inherited) @executable_path/Frameworks";
				PRODUCT_BUNDLE_IDENTIFIER = com.nah.GifTool;
				PRODUCT_NAME = "$(TARGET_NAME)";
				SWIFT_VERSION = 4.0;
				TARGETED_DEVICE_FAMILY = "1,2";
			};
			name = Debug;
		};
		110F6D021FE28427004FA302 /* Release */ = {
			isa = XCBuildConfiguration;
			buildSettings = {
				ASSETCATALOG_COMPILER_APPICON_NAME = AppIcon;
				CODE_SIGN_STYLE = Automatic;
				DEVELOPMENT_TEAM = Z2HAJP9Q8N;
				FRAMEWORK_SEARCH_PATHS = (
					"$(inherited)",
					"$(PROJECT_DIR)/Carthage/Build/iOS",
				);
				INFOPLIST_FILE = GifTool/Info.plist;
				LD_RUNPATH_SEARCH_PATHS = "$(inherited) @executable_path/Frameworks";
				PRODUCT_BUNDLE_IDENTIFIER = com.nah.GifTool;
				PRODUCT_NAME = "$(TARGET_NAME)";
				SWIFT_VERSION = 4.0;
				TARGETED_DEVICE_FAMILY = "1,2";
			};
			name = Release;
		};
/* End XCBuildConfiguration section */

/* Begin XCConfigurationList section */
		110F6CE91FE28427004FA302 /* Build configuration list for PBXProject "GifTool" */ = {
			isa = XCConfigurationList;
			buildConfigurations = (
				110F6CFE1FE28427004FA302 /* Debug */,
				110F6CFF1FE28427004FA302 /* Release */,
			);
			defaultConfigurationIsVisible = 0;
			defaultConfigurationName = Debug;
		};
		110F6D001FE28427004FA302 /* Build configuration list for PBXNativeTarget "GifTool" */ = {
			isa = XCConfigurationList;
			buildConfigurations = (
				110F6D011FE28427004FA302 /* Debug */,
				110F6D021FE28427004FA302 /* Release */,
			);
			defaultConfigurationIsVisible = 0;
			defaultConfigurationName = Debug;
		};
/* End XCConfigurationList section */
	};
	rootObject = 110F6CE61FE28427004FA302 /* Project object */;
}
